
Microsoft Visual Studio Solution File, Format Version 12.00
Project("{FAE04EC0-301F-11D3-BF4B-00C04F79EFBC}") = "Authentication", "src\Authentication\Authentication.csproj", "{5A376B06-CE47-4724-8647-9D41FACF4662}"
EndProject
Project("{FAE04EC0-301F-11D3-BF4B-00C04F79EFBC}") = "IdentityServices.Resources", "src\IdentityServices.Resources\IdentityServices.Resources.csproj", "{947F642E-4CF2-42A8-9F93-9008AB47D40F}"
EndProject
Project("{FAE04EC0-301F-11D3-BF4B-00C04F79EFBC}") = "IdentityServices", "src\IdentityServices\IdentityServices.csproj", "{50173EF9-8DF9-4DBB-847D-D26576784C0E}"
EndProject
Project("{FAE04EC0-301F-11D3-BF4B-00C04F79EFBC}") = "Persistence.IdentityCkModel", "src\Persistence.IdentityCkModel\Persistence.IdentityCkModel.csproj", "{26B615B1-5B51-4864-8661-AF476B4F48A7}"
EndProject
Project("{FAE04EC0-301F-11D3-BF4B-00C04F79EFBC}") = "IdentityServerPersistence", "src\IdentityServerPersistence\IdentityServerPersistence.csproj", "{43D1EF17-936E-4D27-9BDB-52E0B8FCCEAC}"
EndProject
Project("{2150E333-8FDC-42A3-9474-1A3956D46DE8}") = "tests", "tests", "{C15436E4-4071-452D-9492-17EA55067874}"
EndProject
Project("{FAE04EC0-301F-11D3-BF4B-00C04F79EFBC}") = "Shared.TestUtilities", "tests\Shared.TestUtilities\Shared.TestUtilities.csproj", "{A1B2C3D4-E5F6-7890-ABCD-EF1234567890}"
EndProject
Project("{FAE04EC0-301F-11D3-BF4B-00C04F79EFBC}") = "IdentityServices.UnitTests", "tests\IdentityServices.UnitTests\IdentityServices.UnitTests.csproj", "{B2C3D4E5-F6A7-8901-BCDE-F12345678901}"
EndProject
Project("{FAE04EC0-301F-11D3-BF4B-00C04F79EFBC}") = "Authentication.UnitTests", "tests\Authentication.UnitTests\Authentication.UnitTests.csproj", "{C3D4E5F6-A7B8-9012-CDEF-123456789012}"
EndProject
Project("{FAE04EC0-301F-11D3-BF4B-00C04F79EFBC}") = "IdentityServerPersistence.UnitTests", "tests\IdentityServerPersistence.UnitTests\IdentityServerPersistence.UnitTests.csproj", "{D4E5F6A7-B8C9-0123-DEF1-234567890123}"
EndProject
Project("{FAE04EC0-301F-11D3-BF4B-00C04F79EFBC}") = "IdentityServices.IntegrationTests", "tests\IdentityServices.IntegrationTests\IdentityServices.IntegrationTests.csproj", "{E5F6A7B8-C9D0-1234-EF12-345678901234}"
EndProject
Global
	GlobalSection(SolutionConfigurationPlatforms) = preSolution
		Debug|Any CPU = Debug|Any CPU
		Release|Any CPU = Release|Any CPU
		DebugL|Any CPU = DebugL|Any CPU
	EndGlobalSection
	GlobalSection(ProjectConfigurationPlatforms) = postSolution
		{5A376B06-CE47-4724-8647-9D41FACF4662}.Debug|Any CPU.ActiveCfg = Debug|Any CPU
		{5A376B06-CE47-4724-8647-9D41FACF4662}.Debug|Any CPU.Build.0 = Debug|Any CPU
		{5A376B06-CE47-4724-8647-9D41FACF4662}.Release|Any CPU.ActiveCfg = Release|Any CPU
		{5A376B06-CE47-4724-8647-9D41FACF4662}.Release|Any CPU.Build.0 = Release|Any CPU
		{5A376B06-CE47-4724-8647-9D41FACF4662}.DebugL|Any CPU.ActiveCfg = DebugL|Any CPU
		{5A376B06-CE47-4724-8647-9D41FACF4662}.DebugL|Any CPU.Build.0 = DebugL|Any CPU
		{947F642E-4CF2-42A8-9F93-9008AB47D40F}.Debug|Any CPU.ActiveCfg = Debug|Any CPU
		{947F642E-4CF2-42A8-9F93-9008AB47D40F}.Debug|Any CPU.Build.0 = Debug|Any CPU
		{947F642E-4CF2-42A8-9F93-9008AB47D40F}.Release|Any CPU.ActiveCfg = Release|Any CPU
		{947F642E-4CF2-42A8-9F93-9008AB47D40F}.Release|Any CPU.Build.0 = Release|Any CPU
		{947F642E-4CF2-42A8-9F93-9008AB47D40F}.DebugL|Any CPU.ActiveCfg = DebugL|Any CPU
		{947F642E-4CF2-42A8-9F93-9008AB47D40F}.DebugL|Any CPU.Build.0 = DebugL|Any CPU
		{50173EF9-8DF9-4DBB-847D-D26576784C0E}.Debug|Any CPU.ActiveCfg = Debug|Any CPU
		{50173EF9-8DF9-4DBB-847D-D26576784C0E}.Debug|Any CPU.Build.0 = Debug|Any CPU
		{50173EF9-8DF9-4DBB-847D-D26576784C0E}.Release|Any CPU.ActiveCfg = Release|Any CPU
		{50173EF9-8DF9-4DBB-847D-D26576784C0E}.Release|Any CPU.Build.0 = Release|Any CPU
		{50173EF9-8DF9-4DBB-847D-D26576784C0E}.DebugL|Any CPU.ActiveCfg = DebugL|Any CPU
		{50173EF9-8DF9-4DBB-847D-D26576784C0E}.DebugL|Any CPU.Build.0 = DebugL|Any CPU
		{26B615B1-5B51-4864-8661-AF476B4F48A7}.Debug|Any CPU.ActiveCfg = Debug|Any CPU
		{26B615B1-5B51-4864-8661-AF476B4F48A7}.Debug|Any CPU.Build.0 = Debug|Any CPU
		{26B615B1-5B51-4864-8661-AF476B4F48A7}.Release|Any CPU.ActiveCfg = Release|Any CPU
		{26B615B1-5B51-4864-8661-AF476B4F48A7}.Release|Any CPU.Build.0 = Release|Any CPU
		{26B615B1-5B51-4864-8661-AF476B4F48A7}.DebugL|Any CPU.ActiveCfg = DebugL|Any CPU
		{26B615B1-5B51-4864-8661-AF476B4F48A7}.DebugL|Any CPU.Build.0 = DebugL|Any CPU
		{43D1EF17-936E-4D27-9BDB-52E0B8FCCEAC}.Debug|Any CPU.ActiveCfg = Debug|Any CPU
		{43D1EF17-936E-4D27-9BDB-52E0B8FCCEAC}.Debug|Any CPU.Build.0 = Debug|Any CPU
		{43D1EF17-936E-4D27-9BDB-52E0B8FCCEAC}.Release|Any CPU.ActiveCfg = Release|Any CPU
		{43D1EF17-936E-4D27-9BDB-52E0B8FCCEAC}.Release|Any CPU.Build.0 = Release|Any CPU
		{43D1EF17-936E-4D27-9BDB-52E0B8FCCEAC}.DebugL|Any CPU.ActiveCfg = DebugL|Any CPU
		{43D1EF17-936E-4D27-9BDB-52E0B8FCCEAC}.DebugL|Any CPU.Build.0 = DebugL|Any CPU
		{A1B2C3D4-E5F6-7890-ABCD-EF1234567890}.Debug|Any CPU.ActiveCfg = Debug|Any CPU
		{A1B2C3D4-E5F6-7890-ABCD-EF1234567890}.Debug|Any CPU.Build.0 = Debug|Any CPU
		{A1B2C3D4-E5F6-7890-ABCD-EF1234567890}.Release|Any CPU.ActiveCfg = Release|Any CPU
		{A1B2C3D4-E5F6-7890-ABCD-EF1234567890}.Release|Any CPU.Build.0 = Release|Any CPU
		{A1B2C3D4-E5F6-7890-ABCD-EF1234567890}.DebugL|Any CPU.ActiveCfg = DebugL|Any CPU
		{A1B2C3D4-E5F6-7890-ABCD-EF1234567890}.DebugL|Any CPU.Build.0 = DebugL|Any CPU
		{B2C3D4E5-F6A7-8901-BCDE-F12345678901}.Debug|Any CPU.ActiveCfg = Debug|Any CPU
		{B2C3D4E5-F6A7-8901-BCDE-F12345678901}.Debug|Any CPU.Build.0 = Debug|Any CPU
		{B2C3D4E5-F6A7-8901-BCDE-F12345678901}.Release|Any CPU.ActiveCfg = Release|Any CPU
		{B2C3D4E5-F6A7-8901-BCDE-F12345678901}.Release|Any CPU.Build.0 = Release|Any CPU
		{B2C3D4E5-F6A7-8901-BCDE-F12345678901}.DebugL|Any CPU.ActiveCfg = DebugL|Any CPU
		{B2C3D4E5-F6A7-8901-BCDE-F12345678901}.DebugL|Any CPU.Build.0 = DebugL|Any CPU
		{C3D4E5F6-A7B8-9012-CDEF-123456789012}.Debug|Any CPU.ActiveCfg = Debug|Any CPU
		{C3D4E5F6-A7B8-9012-CDEF-123456789012}.Debug|Any CPU.Build.0 = Debug|Any CPU
		{C3D4E5F6-A7B8-9012-CDEF-123456789012}.Release|Any CPU.ActiveCfg = Release|Any CPU
		{C3D4E5F6-A7B8-9012-CDEF-123456789012}.Release|Any CPU.Build.0 = Release|Any CPU
		{C3D4E5F6-A7B8-9012-CDEF-123456789012}.DebugL|Any CPU.ActiveCfg = DebugL|Any CPU
		{C3D4E5F6-A7B8-9012-CDEF-123456789012}.DebugL|Any CPU.Build.0 = DebugL|Any CPU
		{D4E5F6A7-B8C9-0123-DEF1-234567890123}.Debug|Any CPU.ActiveCfg = Debug|Any CPU
		{D4E5F6A7-B8C9-0123-DEF1-234567890123}.Debug|Any CPU.Build.0 = Debug|Any CPU
		{D4E5F6A7-B8C9-0123-DEF1-234567890123}.Release|Any CPU.ActiveCfg = Release|Any CPU
		{D4E5F6A7-B8C9-0123-DEF1-234567890123}.Release|Any CPU.Build.0 = Release|Any CPU
		{D4E5F6A7-B8C9-0123-DEF1-234567890123}.DebugL|Any CPU.ActiveCfg = DebugL|Any CPU
		{D4E5F6A7-B8C9-0123-DEF1-234567890123}.DebugL|Any CPU.Build.0 = DebugL|Any CPU
		{E5F6A7B8-C9D0-1234-EF12-345678901234}.Debug|Any CPU.ActiveCfg = Debug|Any CPU
		{E5F6A7B8-C9D0-1234-EF12-345678901234}.Debug|Any CPU.Build.0 = Debug|Any CPU
		{E5F6A7B8-C9D0-1234-EF12-345678901234}.Release|Any CPU.ActiveCfg = Release|Any CPU
		{E5F6A7B8-C9D0-1234-EF12-345678901234}.Release|Any CPU.Build.0 = Release|Any CPU
		{E5F6A7B8-C9D0-1234-EF12-345678901234}.DebugL|Any CPU.ActiveCfg = DebugL|Any CPU
		{E5F6A7B8-C9D0-1234-EF12-345678901234}.DebugL|Any CPU.Build.0 = DebugL|Any CPU
	EndGlobalSection
	GlobalSection(NestedProjects) = preSolution
		{A1B2C3D4-E5F6-7890-ABCD-EF1234567890} = {C15436E4-4071-452D-9492-17EA55067874}
		{B2C3D4E5-F6A7-8901-BCDE-F12345678901} = {C15436E4-4071-452D-9492-17EA55067874}
		{C3D4E5F6-A7B8-9012-CDEF-123456789012} = {C15436E4-4071-452D-9492-17EA55067874}
		{D4E5F6A7-B8C9-0123-DEF1-234567890123} = {C15436E4-4071-452D-9492-17EA55067874}
		{E5F6A7B8-C9D0-1234-EF12-345678901234} = {C15436E4-4071-452D-9492-17EA55067874}
	EndGlobalSection
EndGlobal
