
Microsoft Visual Studio Solution File, Format Version 12.00
Project("{FAE04EC0-301F-11D3-BF4B-00C04F79EFBC}") = "Authentication", "src\Authentication\Authentication.csproj", "{5A376B06-CE47-4724-8647-9D41FACF4662}"
EndProject
Project("{FAE04EC0-301F-11D3-BF4B-00C04F79EFBC}") = "Infrastructure", "src\octo-common-services\src\Infrastructure\Infrastructure.csproj", "{B62EB965-80B5-4547-9CDC-92ECE2737B89}"
EndProject
Project("{2150E333-8FDC-42A3-9474-1A3956D46DE8}") = "octo-construction-kit", "octo-construction-kit", "{AF91F7B3-12FF-44AF-BBBE-A4A8C7340D78}"
EndProject
Project("{2150E333-8FDC-42A3-9474-1A3956D46DE8}") = "octo-common-services", "octo-common-services", "{48DDCE79-CF0A-43A9-B995-7649D58C07A1}"
EndProject
Project("{FAE04EC0-301F-11D3-BF4B-00C04F79EFBC}") = "IdentityServices.Resources", "src\IdentityServices.Resources\IdentityServices.Resources.csproj", "{947F642E-4CF2-42A8-9F93-9008AB47D40F}"
EndProject
Project("{FAE04EC0-301F-11D3-BF4B-00C04F79EFBC}") = "IdentityServices", "src\IdentityServices\IdentityServices.csproj", "{50173EF9-8DF9-4DBB-847D-D26576784C0E}"
EndProject
Project("{FAE04EC0-301F-11D3-BF4B-00C04F79EFBC}") = "Common", "src\octo-common-services\src\Common\Common.csproj", "{4F56615E-D07D-48B1-B8C2-E3381B998772}"
EndProject
Project("{FAE04EC0-301F-11D3-BF4B-00C04F79EFBC}") = "Swagger", "src\octo-common-services\src\Swagger\Swagger.csproj", "{2B06D1E3-17BA-4480-B66B-BF1798823D2F}"
EndProject
Project("{FAE04EC0-301F-11D3-BF4B-00C04F79EFBC}") = "PolicyServices", "src\PolicyServices\PolicyServices.csproj", "{E61A11C3-3B3F-4D16-A007-62D8096A63B4}"
EndProject
Project("{FAE04EC0-301F-11D3-BF4B-00C04F79EFBC}") = "Persistence.IdentityCkModel", "src\Persistence.IdentityCkModel\Persistence.IdentityCkModel.csproj", "{26B615B1-5B51-4864-8661-AF476B4F48A7}"
EndProject
Project("{FAE04EC0-301F-11D3-BF4B-00C04F79EFBC}") = "IdentityServerPersistence", "src\IdentityServerPersistence\IdentityServerPersistence.csproj", "{43D1EF17-936E-4D27-9BDB-52E0B8FCCEAC}"
EndProject
Project("{2150E333-8FDC-42A3-9474-1A3956D46DE8}") = "tests", "tests", "{C15436E4-4071-452D-9492-17EA55067874}"
EndProject
Project("{FAE04EC0-301F-11D3-BF4B-00C04F79EFBC}") = "Notifications", "src\octo-common-services\src\Notifications\Notifications.csproj", "{02C28B56-A1E4-4489-ACBE-FF0085D2EE54}"
EndProject
Project("{FAE04EC0-301F-11D3-BF4B-00C04F79EFBC}") = "Runtime.Contracts.MongoDb", "src\octo-common-services\src\octo-construction-kit-engine-mongodb\src\Runtime.Contracts.MongoDb\Runtime.Contracts.MongoDb.csproj", "{4D779D7D-F277-427E-9AAE-9A84BC640CB9}"
EndProject
Project("{FAE04EC0-301F-11D3-BF4B-00C04F79EFBC}") = "Runtime.Engine.MongoDb", "src\octo-common-services\src\octo-construction-kit-engine-mongodb\src\Runtime.Engine.MongoDb\Runtime.Engine.MongoDb.csproj", "{42FC864B-15CB-416C-937C-D4A2D84107B5}"
EndProject
Project("{FAE04EC0-301F-11D3-BF4B-00C04F79EFBC}") = "Persistence.SystemTests", "src\octo-common-services\src\octo-construction-kit-engine-mongodb\tests\Persistence.SystemTests\Persistence.SystemTests.csproj", "{AA5C45C5-2C67-43FC-9EA0-FBFDC6F4154E}"
EndProject
Global
	GlobalSection(SolutionConfigurationPlatforms) = preSolution
		Debug|Any CPU = Debug|Any CPU
		Release|Any CPU = Release|Any CPU
		DebugL|Any CPU = DebugL|Any CPU
	EndGlobalSection
	GlobalSection(ProjectConfigurationPlatforms) = postSolution
		{5A376B06-CE47-4724-8647-9D41FACF4662}.Debug|Any CPU.ActiveCfg = Debug|Any CPU
		{5A376B06-CE47-4724-8647-9D41FACF4662}.Debug|Any CPU.Build.0 = Debug|Any CPU
		{5A376B06-CE47-4724-8647-9D41FACF4662}.Release|Any CPU.ActiveCfg = Release|Any CPU
		{5A376B06-CE47-4724-8647-9D41FACF4662}.Release|Any CPU.Build.0 = Release|Any CPU
		{5A376B06-CE47-4724-8647-9D41FACF4662}.DebugL|Any CPU.ActiveCfg = DebugL|Any CPU
		{5A376B06-CE47-4724-8647-9D41FACF4662}.DebugL|Any CPU.Build.0 = DebugL|Any CPU
		{B62EB965-80B5-4547-9CDC-92ECE2737B89}.Debug|Any CPU.ActiveCfg = Debug|Any CPU
		{B62EB965-80B5-4547-9CDC-92ECE2737B89}.Debug|Any CPU.Build.0 = Debug|Any CPU
		{B62EB965-80B5-4547-9CDC-92ECE2737B89}.Release|Any CPU.ActiveCfg = Release|Any CPU
		{B62EB965-80B5-4547-9CDC-92ECE2737B89}.Release|Any CPU.Build.0 = Release|Any CPU
		{B62EB965-80B5-4547-9CDC-92ECE2737B89}.DebugL|Any CPU.ActiveCfg = DebugL|Any CPU
		{B62EB965-80B5-4547-9CDC-92ECE2737B89}.DebugL|Any CPU.Build.0 = DebugL|Any CPU
		{947F642E-4CF2-42A8-9F93-9008AB47D40F}.Debug|Any CPU.ActiveCfg = Debug|Any CPU
		{947F642E-4CF2-42A8-9F93-9008AB47D40F}.Debug|Any CPU.Build.0 = Debug|Any CPU
		{947F642E-4CF2-42A8-9F93-9008AB47D40F}.Release|Any CPU.ActiveCfg = Release|Any CPU
		{947F642E-4CF2-42A8-9F93-9008AB47D40F}.Release|Any CPU.Build.0 = Release|Any CPU
		{947F642E-4CF2-42A8-9F93-9008AB47D40F}.DebugL|Any CPU.ActiveCfg = DebugL|Any CPU
		{947F642E-4CF2-42A8-9F93-9008AB47D40F}.DebugL|Any CPU.Build.0 = DebugL|Any CPU
		{50173EF9-8DF9-4DBB-847D-D26576784C0E}.Debug|Any CPU.ActiveCfg = Debug|Any CPU
		{50173EF9-8DF9-4DBB-847D-D26576784C0E}.Debug|Any CPU.Build.0 = Debug|Any CPU
		{50173EF9-8DF9-4DBB-847D-D26576784C0E}.Release|Any CPU.ActiveCfg = Release|Any CPU
		{50173EF9-8DF9-4DBB-847D-D26576784C0E}.Release|Any CPU.Build.0 = Release|Any CPU
		{50173EF9-8DF9-4DBB-847D-D26576784C0E}.DebugL|Any CPU.ActiveCfg = DebugL|Any CPU
		{50173EF9-8DF9-4DBB-847D-D26576784C0E}.DebugL|Any CPU.Build.0 = DebugL|Any CPU
		{4F56615E-D07D-48B1-B8C2-E3381B998772}.Debug|Any CPU.ActiveCfg = Debug|Any CPU
		{4F56615E-D07D-48B1-B8C2-E3381B998772}.Debug|Any CPU.Build.0 = Debug|Any CPU
		{4F56615E-D07D-48B1-B8C2-E3381B998772}.Release|Any CPU.ActiveCfg = Release|Any CPU
		{4F56615E-D07D-48B1-B8C2-E3381B998772}.Release|Any CPU.Build.0 = Release|Any CPU
		{4F56615E-D07D-48B1-B8C2-E3381B998772}.DebugL|Any CPU.ActiveCfg = DebugL|Any CPU
		{4F56615E-D07D-48B1-B8C2-E3381B998772}.DebugL|Any CPU.Build.0 = DebugL|Any CPU
		{2B06D1E3-17BA-4480-B66B-BF1798823D2F}.Debug|Any CPU.ActiveCfg = Debug|Any CPU
		{2B06D1E3-17BA-4480-B66B-BF1798823D2F}.Debug|Any CPU.Build.0 = Debug|Any CPU
		{2B06D1E3-17BA-4480-B66B-BF1798823D2F}.Release|Any CPU.ActiveCfg = Release|Any CPU
		{2B06D1E3-17BA-4480-B66B-BF1798823D2F}.Release|Any CPU.Build.0 = Release|Any CPU
		{2B06D1E3-17BA-4480-B66B-BF1798823D2F}.DebugL|Any CPU.ActiveCfg = DebugL|Any CPU
		{2B06D1E3-17BA-4480-B66B-BF1798823D2F}.DebugL|Any CPU.Build.0 = DebugL|Any CPU
		{E61A11C3-3B3F-4D16-A007-62D8096A63B4}.Debug|Any CPU.ActiveCfg = Debug|Any CPU
		{E61A11C3-3B3F-4D16-A007-62D8096A63B4}.Debug|Any CPU.Build.0 = Debug|Any CPU
		{E61A11C3-3B3F-4D16-A007-62D8096A63B4}.Release|Any CPU.ActiveCfg = Release|Any CPU
		{E61A11C3-3B3F-4D16-A007-62D8096A63B4}.Release|Any CPU.Build.0 = Release|Any CPU
		{E61A11C3-3B3F-4D16-A007-62D8096A63B4}.DebugL|Any CPU.ActiveCfg = DebugL|Any CPU
		{E61A11C3-3B3F-4D16-A007-62D8096A63B4}.DebugL|Any CPU.Build.0 = DebugL|Any CPU
		{26B615B1-5B51-4864-8661-AF476B4F48A7}.Debug|Any CPU.ActiveCfg = Debug|Any CPU
		{26B615B1-5B51-4864-8661-AF476B4F48A7}.Debug|Any CPU.Build.0 = Debug|Any CPU
		{26B615B1-5B51-4864-8661-AF476B4F48A7}.Release|Any CPU.ActiveCfg = Release|Any CPU
		{26B615B1-5B51-4864-8661-AF476B4F48A7}.Release|Any CPU.Build.0 = Release|Any CPU
		{26B615B1-5B51-4864-8661-AF476B4F48A7}.DebugL|Any CPU.ActiveCfg = DebugL|Any CPU
		{26B615B1-5B51-4864-8661-AF476B4F48A7}.DebugL|Any CPU.Build.0 = DebugL|Any CPU
		{43D1EF17-936E-4D27-9BDB-52E0B8FCCEAC}.Debug|Any CPU.ActiveCfg = Debug|Any CPU
		{43D1EF17-936E-4D27-9BDB-52E0B8FCCEAC}.Debug|Any CPU.Build.0 = Debug|Any CPU
		{43D1EF17-936E-4D27-9BDB-52E0B8FCCEAC}.Release|Any CPU.ActiveCfg = Release|Any CPU
		{43D1EF17-936E-4D27-9BDB-52E0B8FCCEAC}.Release|Any CPU.Build.0 = Release|Any CPU
		{43D1EF17-936E-4D27-9BDB-52E0B8FCCEAC}.DebugL|Any CPU.ActiveCfg = DebugL|Any CPU
		{43D1EF17-936E-4D27-9BDB-52E0B8FCCEAC}.DebugL|Any CPU.Build.0 = DebugL|Any CPU
		{02C28B56-A1E4-4489-ACBE-FF0085D2EE54}.Debug|Any CPU.ActiveCfg = Debug|Any CPU
		{02C28B56-A1E4-4489-ACBE-FF0085D2EE54}.Debug|Any CPU.Build.0 = Debug|Any CPU
		{02C28B56-A1E4-4489-ACBE-FF0085D2EE54}.Release|Any CPU.ActiveCfg = Release|Any CPU
		{02C28B56-A1E4-4489-ACBE-FF0085D2EE54}.Release|Any CPU.Build.0 = Release|Any CPU
		{02C28B56-A1E4-4489-ACBE-FF0085D2EE54}.DebugL|Any CPU.ActiveCfg = DebugL|Any CPU
		{02C28B56-A1E4-4489-ACBE-FF0085D2EE54}.DebugL|Any CPU.Build.0 = DebugL|Any CPU
		{4D779D7D-F277-427E-9AAE-9A84BC640CB9}.Debug|Any CPU.ActiveCfg = Debug|Any CPU
		{4D779D7D-F277-427E-9AAE-9A84BC640CB9}.Debug|Any CPU.Build.0 = Debug|Any CPU
		{4D779D7D-F277-427E-9AAE-9A84BC640CB9}.Release|Any CPU.ActiveCfg = Release|Any CPU
		{4D779D7D-F277-427E-9AAE-9A84BC640CB9}.Release|Any CPU.Build.0 = Release|Any CPU
		{4D779D7D-F277-427E-9AAE-9A84BC640CB9}.DebugL|Any CPU.ActiveCfg = DebugL|Any CPU
		{4D779D7D-F277-427E-9AAE-9A84BC640CB9}.DebugL|Any CPU.Build.0 = DebugL|Any CPU
		{42FC864B-15CB-416C-937C-D4A2D84107B5}.Debug|Any CPU.ActiveCfg = Debug|Any CPU
		{42FC864B-15CB-416C-937C-D4A2D84107B5}.Debug|Any CPU.Build.0 = Debug|Any CPU
		{42FC864B-15CB-416C-937C-D4A2D84107B5}.Release|Any CPU.ActiveCfg = Release|Any CPU
		{42FC864B-15CB-416C-937C-D4A2D84107B5}.Release|Any CPU.Build.0 = Release|Any CPU
		{42FC864B-15CB-416C-937C-D4A2D84107B5}.DebugL|Any CPU.ActiveCfg = DebugL|Any CPU
		{42FC864B-15CB-416C-937C-D4A2D84107B5}.DebugL|Any CPU.Build.0 = DebugL|Any CPU
		{AA5C45C5-2C67-43FC-9EA0-FBFDC6F4154E}.Debug|Any CPU.ActiveCfg = Debug|Any CPU
		{AA5C45C5-2C67-43FC-9EA0-FBFDC6F4154E}.Debug|Any CPU.Build.0 = Debug|Any CPU
		{AA5C45C5-2C67-43FC-9EA0-FBFDC6F4154E}.Release|Any CPU.ActiveCfg = Release|Any CPU
		{AA5C45C5-2C67-43FC-9EA0-FBFDC6F4154E}.Release|Any CPU.Build.0 = Release|Any CPU
		{AA5C45C5-2C67-43FC-9EA0-FBFDC6F4154E}.DebugL|Any CPU.ActiveCfg = DebugL|Any CPU
		{AA5C45C5-2C67-43FC-9EA0-FBFDC6F4154E}.DebugL|Any CPU.Build.0 = DebugL|Any CPU
	EndGlobalSection
	GlobalSection(NestedProjects) = preSolution
		{B62EB965-80B5-4547-9CDC-92ECE2737B89} = {48DDCE79-CF0A-43A9-B995-7649D58C07A1}
		{4F56615E-D07D-48B1-B8C2-E3381B998772} = {48DDCE79-CF0A-43A9-B995-7649D58C07A1}
		{2B06D1E3-17BA-4480-B66B-BF1798823D2F} = {48DDCE79-CF0A-43A9-B995-7649D58C07A1}
		{02C28B56-A1E4-4489-ACBE-FF0085D2EE54} = {48DDCE79-CF0A-43A9-B995-7649D58C07A1}
		{4D779D7D-F277-427E-9AAE-9A84BC640CB9} = {AF91F7B3-12FF-44AF-BBBE-A4A8C7340D78}
		{42FC864B-15CB-416C-937C-D4A2D84107B5} = {AF91F7B3-12FF-44AF-BBBE-A4A8C7340D78}
		{AA5C45C5-2C67-43FC-9EA0-FBFDC6F4154E} = {C15436E4-4071-452D-9492-17EA55067874}
	EndGlobalSection
EndGlobal
